
Microsoft Visual Studio Solution File, Format Version 12.00
# Visual Studio Version 17
VisualStudioVersion = 17.4.33205.214
MinimumVisualStudioVersion = 10.0.40219.1
Project("{FAE04EC0-301F-11D3-BF4B-00C04F79EFBC}") = "TeaWithTears", "TeaWithTears\TeaWithTears.csproj", "{52A0E201-7913-4576-B38B-491414F14030}"
EndProject
Global
	GlobalSection(SolutionConfigurationPlatforms) = preSolution
		Debug|Any CPU = Debug|Any CPU
		Release|Any CPU = Release|Any CPU
	EndGlobalSection
	GlobalSection(ProjectConfigurationPlatforms) = postSolution
		{52A0E201-7913-4576-B38B-491414F14030}.Debug|Any CPU.ActiveCfg = Debug|Any CPU
		{52A0E201-7913-4576-B38B-491414F14030}.Debug|Any CPU.Build.0 = Debug|Any CPU
		{52A0E201-7913-4576-B38B-491414F14030}.Release|Any CPU.ActiveCfg = Release|Any CPU
		{52A0E201-7913-4576-B38B-491414F14030}.Release|Any CPU.Build.0 = Release|Any CPU
	EndGlobalSection
	GlobalSection(SolutionProperties) = preSolution
		HideSolutionNode = FALSE
	EndGlobalSection
	GlobalSection(ExtensibilityGlobals) = postSolution
		SolutionGuid = {EA8EE55B-C94F-4902-9532-87EB73AF1DF7}
	EndGlobalSection
EndGlobal
